
Microsoft Visual Studio Solution File, Format Version 12.00
# Visual Studio Version 17
VisualStudioVersion = 17.14.36429.23
MinimumVisualStudioVersion = 10.0.40219.1
Project("{FAE04EC0-301F-11D3-BF4B-00C04F79EFBC}") = "C2IEDM.Domain", "C2IEDM.Domain\C2IEDM.Domain.csproj", "{724FC100-C0F5-4967-A295-E8DC6C4FB0C4}"
EndProject
Project("{FAE04EC0-301F-11D3-BF4B-00C04F79EFBC}") = "C2IEDM.IO", "C2IEDM.IO\C2IEDM.IO.csproj", "{54A5FDD9-AFE5-475C-9C40-13470E12C5F1}"
EndProject
Project("{FAE04EC0-301F-11D3-BF4B-00C04F79EFBC}") = "C2IEDM.Persistence", "C2IEDM.Persistence\C2IEDM.Persistence.csproj", "{223D6B62-14B2-48AE-8972-2B3DB5FA797A}"
EndProject
Project("{FAE04EC0-301F-11D3-BF4B-00C04F79EFBC}") = "C2IEDM.Application", "C2IEDM.Application\C2IEDM.Application.csproj", "{9796E195-5148-493B-B7DD-FDCBC2862B6A}"
EndProject
Project("{FAE04EC0-301F-11D3-BF4B-00C04F79EFBC}") = "C2IEDM.Persistence.EntityFrameworkCore", "C2IEDM.Persistence.EntityFrameworkCore\C2IEDM.Persistence.EntityFrameworkCore.csproj", "{4F0614BE-FD81-4451-9D95-B4908F8C4700}"
EndProject
Project("{FAE04EC0-301F-11D3-BF4B-00C04F79EFBC}") = "C2IEDM.Persistence.EntityFrameworkCore.Sqlite", "C2IEDM.Persistence.EntityFrameworkCore.Sqlite\C2IEDM.Persistence.EntityFrameworkCore.Sqlite.csproj", "{DC1A15DA-FE94-4AFA-B6A5-C4448AD8C2AE}"
EndProject
Project("{FAE04EC0-301F-11D3-BF4B-00C04F79EFBC}") = "C2IEDM.Persistence.EntityFrameworkCore.PostgreSQL", "C2IEDM.Persistence.EntityFrameworkCore.PostgreSQL\C2IEDM.Persistence.EntityFrameworkCore.PostgreSQL.csproj", "{A71E4599-63C8-46B3-B01B-0F876FF2BB6B}"
EndProject
Project("{FAE04EC0-301F-11D3-BF4B-00C04F79EFBC}") = "C2IEDM.Persistence.EntityFrameworkCore.SqlServer", "C2IEDM.Persistence.EntityFrameworkCore.SqlServer\C2IEDM.Persistence.EntityFrameworkCore.SqlServer.csproj", "{0EFAAD9A-D8C3-43F0-9E50-7099A3C018EE}"
EndProject
Global
	GlobalSection(SolutionConfigurationPlatforms) = preSolution
		Debug|Any CPU = Debug|Any CPU
		Release|Any CPU = Release|Any CPU
	EndGlobalSection
	GlobalSection(ProjectConfigurationPlatforms) = postSolution
		{724FC100-C0F5-4967-A295-E8DC6C4FB0C4}.Debug|Any CPU.ActiveCfg = Debug|Any CPU
		{724FC100-C0F5-4967-A295-E8DC6C4FB0C4}.Debug|Any CPU.Build.0 = Debug|Any CPU
		{724FC100-C0F5-4967-A295-E8DC6C4FB0C4}.Release|Any CPU.ActiveCfg = Release|Any CPU
		{724FC100-C0F5-4967-A295-E8DC6C4FB0C4}.Release|Any CPU.Build.0 = Release|Any CPU
		{54A5FDD9-AFE5-475C-9C40-13470E12C5F1}.Debug|Any CPU.ActiveCfg = Debug|Any CPU
		{54A5FDD9-AFE5-475C-9C40-13470E12C5F1}.Debug|Any CPU.Build.0 = Debug|Any CPU
		{54A5FDD9-AFE5-475C-9C40-13470E12C5F1}.Release|Any CPU.ActiveCfg = Release|Any CPU
		{54A5FDD9-AFE5-475C-9C40-13470E12C5F1}.Release|Any CPU.Build.0 = Release|Any CPU
		{223D6B62-14B2-48AE-8972-2B3DB5FA797A}.Debug|Any CPU.ActiveCfg = Debug|Any CPU
		{223D6B62-14B2-48AE-8972-2B3DB5FA797A}.Debug|Any CPU.Build.0 = Debug|Any CPU
		{223D6B62-14B2-48AE-8972-2B3DB5FA797A}.Release|Any CPU.ActiveCfg = Release|Any CPU
		{223D6B62-14B2-48AE-8972-2B3DB5FA797A}.Release|Any CPU.Build.0 = Release|Any CPU
		{9796E195-5148-493B-B7DD-FDCBC2862B6A}.Debug|Any CPU.ActiveCfg = Debug|Any CPU
		{9796E195-5148-493B-B7DD-FDCBC2862B6A}.Debug|Any CPU.Build.0 = Debug|Any CPU
		{9796E195-5148-493B-B7DD-FDCBC2862B6A}.Release|Any CPU.ActiveCfg = Release|Any CPU
		{9796E195-5148-493B-B7DD-FDCBC2862B6A}.Release|Any CPU.Build.0 = Release|Any CPU
		{4F0614BE-FD81-4451-9D95-B4908F8C4700}.Debug|Any CPU.ActiveCfg = Debug|Any CPU
		{4F0614BE-FD81-4451-9D95-B4908F8C4700}.Debug|Any CPU.Build.0 = Debug|Any CPU
		{4F0614BE-FD81-4451-9D95-B4908F8C4700}.Release|Any CPU.ActiveCfg = Release|Any CPU
		{4F0614BE-FD81-4451-9D95-B4908F8C4700}.Release|Any CPU.Build.0 = Release|Any CPU
		{DC1A15DA-FE94-4AFA-B6A5-C4448AD8C2AE}.Debug|Any CPU.ActiveCfg = Debug|Any CPU
		{DC1A15DA-FE94-4AFA-B6A5-C4448AD8C2AE}.Debug|Any CPU.Build.0 = Debug|Any CPU
		{DC1A15DA-FE94-4AFA-B6A5-C4448AD8C2AE}.Release|Any CPU.ActiveCfg = Release|Any CPU
		{DC1A15DA-FE94-4AFA-B6A5-C4448AD8C2AE}.Release|Any CPU.Build.0 = Release|Any CPU
		{A71E4599-63C8-46B3-B01B-0F876FF2BB6B}.Debug|Any CPU.ActiveCfg = Debug|Any CPU
		{A71E4599-63C8-46B3-B01B-0F876FF2BB6B}.Debug|Any CPU.Build.0 = Debug|Any CPU
		{A71E4599-63C8-46B3-B01B-0F876FF2BB6B}.Release|Any CPU.ActiveCfg = Release|Any CPU
		{A71E4599-63C8-46B3-B01B-0F876FF2BB6B}.Release|Any CPU.Build.0 = Release|Any CPU
		{0EFAAD9A-D8C3-43F0-9E50-7099A3C018EE}.Debug|Any CPU.ActiveCfg = Debug|Any CPU
		{0EFAAD9A-D8C3-43F0-9E50-7099A3C018EE}.Debug|Any CPU.Build.0 = Debug|Any CPU
		{0EFAAD9A-D8C3-43F0-9E50-7099A3C018EE}.Release|Any CPU.ActiveCfg = Release|Any CPU
		{0EFAAD9A-D8C3-43F0-9E50-7099A3C018EE}.Release|Any CPU.Build.0 = Release|Any CPU
	EndGlobalSection
	GlobalSection(SolutionProperties) = preSolution
		HideSolutionNode = FALSE
	EndGlobalSection
	GlobalSection(ExtensibilityGlobals) = postSolution
		SolutionGuid = {5934754D-0F53-4D0C-BD60-06C4EC49379A}
	EndGlobalSection
EndGlobal
